PODS:
  - CocoaLumberjack (3.4.2):
    - CocoaLumberjack/Default (= 3.4.2)
    - CocoaLumberjack/Extensions (= 3.4.2)
  - CocoaLumberjack/Default (3.4.2)
  - CocoaLumberjack/Extensions (3.4.2):
    - CocoaLumberjack/Default
  - FLAnimatedImage (1.0.12)
  - RRFPSBar (0.0.2)
  - SVGKit (2.1.0):
    - CocoaLumberjack (~> 3.0)

DEPENDENCIES:
  - FLAnimatedImage
  - RRFPSBar (from `https://github.com/RolandasRazma/RRFPSBar.git`, tag `0.0.2`)
  - SVGKit (from `https://github.com/SVGKit/SVGKit.git`, branch `3.x`)

SPEC REPOS:
  https://github.com/cocoapods/specs.git:
    - CocoaLumberjack
    - FLAnimatedImage

EXTERNAL SOURCES:
  RRFPSBar:
    :git: https://github.com/RolandasRazma/RRFPSBar.git
    :tag: 0.0.2
  SVGKit:
    :branch: 3.x
    :git: https://github.com/SVGKit/SVGKit.git

CHECKOUT OPTIONS:
  RRFPSBar:
    :git: https://github.com/RolandasRazma/RRFPSBar.git
    :tag: 0.0.2
  SVGKit:
    :commit: cc0d7edf67af2bd10a6a895f1b4982b22a8b172a
    :git: https://github.com/SVGKit/SVGKit.git

SPEC CHECKSUMS:
  CocoaLumberjack: db7cc9e464771f12054c22ff6947c5a58d43a0fd
  FLAnimatedImage: 4a0b56255d9b05f18b6dd7ee06871be5d3b89e31
  RRFPSBar: d2cc510813aa7377af23fd011d144e7770d4bc18
  SVGKit: 8a2fc74258bdb2abb54d3b65f3dd68b0277a9c4d

PODFILE CHECKSUM: 50362ad0afe1cc32a0ea49f1b079479e8c72b5ee

COCOAPODS: 1.5.3
