// !$*UTF8*$!
{
	archiveVersion = 1;
	classes = {
	};
	objectVersion = 50;
	objects = {

/* Begin PBXBuildFile section */
		AE582A2521FF118A009F4D8A /* DecodableTests.swift in Sources */ = {isa = PBXBuildFile; fileRef = AE582A2221FF118A009F4D8A /* DecodableTests.swift */; };
		AE582A2D21FF1266009F4D8A /* Incito.h in Headers */ = {isa = PBXBuildFile; fileRef = AE582A2B21FF1252009F4D8A /* Incito.h */; settings = {ATTRIBUTES = (Public, ); }; };
		AE582A2E21FF131D009F4D8A /* Incito.framework in Frameworks */ = {isa = PBXBuildFile; fileRef = AE5829D821FF1000009F4D8A /* Incito.framework */; };
		AE582A6A21FF1736009F4D8A /* JSONValue.swift in Sources */ = {isa = PBXBuildFile; fileRef = AE582A4C21FF1735009F4D8A /* JSONValue.swift */; };
		AE582A6B21FF1736009F4D8A /* String+PreventWidows.swift in Sources */ = {isa = PBXBuildFile; fileRef = AE582A4D21FF1735009F4D8A /* String+PreventWidows.swift */; };
		AE582A6C21FF1736009F4D8A /* Result.swift in Sources */ = {isa = PBXBuildFile; fileRef = AE582A4E21FF1735009F4D8A /* Result.swift */; };
		AE582A6D21FF1736009F4D8A /* GenericGeometry.swift in Sources */ = {isa = PBXBuildFile; fileRef = AE582A4F21FF1735009F4D8A /* GenericGeometry.swift */; };
		AE582A6E21FF1736009F4D8A /* DecodingHelpers.swift in Sources */ = {isa = PBXBuildFile; fileRef = AE582A5021FF1735009F4D8A /* DecodingHelpers.swift */; };
		AE582A6F21FF1736009F4D8A /* TreeNode.swift in Sources */ = {isa = PBXBuildFile; fileRef = AE582A5121FF1735009F4D8A /* TreeNode.swift */; };
		AE582A7021FF1736009F4D8A /* GenericIdentifier.swift in Sources */ = {isa = PBXBuildFile; fileRef = AE582A5221FF1735009F4D8A /* GenericIdentifier.swift */; };
		AE582A7121FF1736009F4D8A /* RenderableView.swift in Sources */ = {isa = PBXBuildFile; fileRef = AE582A5421FF1736009F4D8A /* RenderableView.swift */; };
		AE582A7221FF1736009F4D8A /* ImageLoader.swift in Sources */ = {isa = PBXBuildFile; fileRef = AE582A5521FF1736009F4D8A /* ImageLoader.swift */; };
		AE582A7321FF1736009F4D8A /* FontAssetLoader+UIKit.swift in Sources */ = {isa = PBXBuildFile; fileRef = AE582A5621FF1736009F4D8A /* FontAssetLoader+UIKit.swift */; };
		AE582A7421FF1736009F4D8A /* Incito+UIKit.swift in Sources */ = {isa = PBXBuildFile; fileRef = AE582A5721FF1736009F4D8A /* Incito+UIKit.swift */; };
		AE582A7521FF1736009F4D8A /* UIColor+Hex.swift in Sources */ = {isa = PBXBuildFile; fileRef = AE582A5821FF1736009F4D8A /* UIColor+Hex.swift */; };
		AE582A7621FF1736009F4D8A /* IncitoViewController.swift in Sources */ = {isa = PBXBuildFile; fileRef = AE582A5921FF1736009F4D8A /* IncitoViewController.swift */; };
		AE582A7721FF1736009F4D8A /* IncitoTypes+UIKit.swift in Sources */ = {isa = PBXBuildFile; fileRef = AE582A5A21FF1736009F4D8A /* IncitoTypes+UIKit.swift */; };
		AE582A7821FF1736009F4D8A /* UIView+RoundedCorners.swift in Sources */ = {isa = PBXBuildFile; fileRef = AE582A5B21FF1736009F4D8A /* UIView+RoundedCorners.swift */; };
		AE582A7921FF1736009F4D8A /* UIImage+Sizing.swift in Sources */ = {isa = PBXBuildFile; fileRef = AE582A5C21FF1736009F4D8A /* UIImage+Sizing.swift */; };
		AE582A7A21FF1736009F4D8A /* UIView+AnchorPoint.swift in Sources */ = {isa = PBXBuildFile; fileRef = AE582A5D21FF1736009F4D8A /* UIView+AnchorPoint.swift */; };
		AE582A7B21FF1736009F4D8A /* UIView+IncitoViews.swift in Sources */ = {isa = PBXBuildFile; fileRef = AE582A5E21FF1736009F4D8A /* UIView+IncitoViews.swift */; };
		AE582A7C21FF1736009F4D8A /* IncitoLoaderViewController.swift in Sources */ = {isa = PBXBuildFile; fileRef = AE582A5F21FF1736009F4D8A /* IncitoLoaderViewController.swift */; };
		AE582A7D21FF1736009F4D8A /* RoundedShadowedView.swift in Sources */ = {isa = PBXBuildFile; fileRef = AE582A6021FF1736009F4D8A /* RoundedShadowedView.swift */; };
		AE582A7E21FF1736009F4D8A /* IncitoDocument.swift in Sources */ = {isa = PBXBuildFile; fileRef = AE582A6221FF1736009F4D8A /* IncitoDocument.swift */; };
		AE582A7F21FF1736009F4D8A /* IncitoLayout+Sizing.swift in Sources */ = {isa = PBXBuildFile; fileRef = AE582A6321FF1736009F4D8A /* IncitoLayout+Sizing.swift */; };
		AE582A8021FF1736009F4D8A /* IncitoDocument+Decodable.swift in Sources */ = {isa = PBXBuildFile; fileRef = AE582A6421FF1736009F4D8A /* IncitoDocument+Decodable.swift */; };
		AE582A8121FF1736009F4D8A /* IncitoLayout.swift in Sources */ = {isa = PBXBuildFile; fileRef = AE582A6521FF1736009F4D8A /* IncitoLayout.swift */; };
		AE582A8221FF1736009F4D8A /* IncitoLayout+Dimensioning.swift in Sources */ = {isa = PBXBuildFile; fileRef = AE582A6621FF1736009F4D8A /* IncitoLayout+Dimensioning.swift */; };
		AE582A8321FF1736009F4D8A /* IncitoLayout+Positioning.swift in Sources */ = {isa = PBXBuildFile; fileRef = AE582A6721FF1736009F4D8A /* IncitoLayout+Positioning.swift */; };
		AE582A8421FF1736009F4D8A /* FontAssetLoader.swift in Sources */ = {isa = PBXBuildFile; fileRef = AE582A6821FF1736009F4D8A /* FontAssetLoader.swift */; };
		AE582A8521FF1736009F4D8A /* IncitoTypes.swift in Sources */ = {isa = PBXBuildFile; fileRef = AE582A6921FF1736009F4D8A /* IncitoTypes.swift */; };
		AE582AAB21FF2EAA009F4D8A /* FLAnimatedImage.framework in Frameworks */ = {isa = PBXBuildFile; fileRef = AE582AAA21FF2E6E009F4D8A /* FLAnimatedImage.framework */; };
		AE582AB221FF2EF9009F4D8A /* FLAnimatedImage.framework in Embed Frameworks */ = {isa = PBXBuildFile; fileRef = AE582AAA21FF2E6E009F4D8A /* FLAnimatedImage.framework */; settings = {ATTRIBUTES = (CodeSignOnCopy, RemoveHeadersOnCopy, ); }; };
		AE582AB521FF2FCD009F4D8A /* Measure.swift in Sources */ = {isa = PBXBuildFile; fileRef = AE582AB421FF2FCD009F4D8A /* Measure.swift */; };
		AE582B0021FF3716009F4D8A /* SVGKit.framework in Frameworks */ = {isa = PBXBuildFile; fileRef = AE582A9A21FF2E49009F4D8A /* SVGKit.framework */; };
		AE582B0121FF371E009F4D8A /* CocoaLumberjack.framework in Frameworks */ = {isa = PBXBuildFile; fileRef = AE582AB621FF30A3009F4D8A /* CocoaLumberjack.framework */; };
		AE582B0221FF3729009F4D8A /* SVGKit.framework in Embed Frameworks */ = {isa = PBXBuildFile; fileRef = AE582A9A21FF2E49009F4D8A /* SVGKit.framework */; settings = {ATTRIBUTES = (CodeSignOnCopy, RemoveHeadersOnCopy, ); }; };
		AE582B0321FF372F009F4D8A /* CocoaLumberjack.framework in Embed Frameworks */ = {isa = PBXBuildFile; fileRef = AE582AB621FF30A3009F4D8A /* CocoaLumberjack.framework */; settings = {ATTRIBUTES = (CodeSignOnCopy, RemoveHeadersOnCopy, ); }; };
		AE582B1021FF4EA8009F4D8A /* IncitoLoader.swift in Sources */ = {isa = PBXBuildFile; fileRef = AE582B0F21FF4EA8009F4D8A /* IncitoLoader.swift */; };
		AE8450C82200F8530000A8D8 /* CopyableLabel.swift in Sources */ = {isa = PBXBuildFile; fileRef = AE8450C72200F8530000A8D8 /* CopyableLabel.swift */; };
		AE8450CF22019C680000A8D8 /* Incito.strings in Resources */ = {isa = PBXBuildFile; fileRef = AE8450D122019C680000A8D8 /* Incito.strings */; };
		AE8450D322019D270000A8D8 /* Bundle+Incito.swift in Sources */ = {isa = PBXBuildFile; fileRef = AE8450D222019D270000A8D8 /* Bundle+Incito.swift */; };
		AE8450D52201A0960000A8D8 /* Resources.swift in Sources */ = {isa = PBXBuildFile; fileRef = AE8450D42201A0960000A8D8 /* Resources.swift */; };
		AECF0E902200795B00E7A64A /* DefaultErrorViewController.swift in Sources */ = {isa = PBXBuildFile; fileRef = AECF0E8F2200795B00E7A64A /* DefaultErrorViewController.swift */; };
		AECF0E9222007C5900E7A64A /* DefaultLoadingViewController.swift in Sources */ = {isa = PBXBuildFile; fileRef = AECF0E9122007C5900E7A64A /* DefaultLoadingViewController.swift */; };
/* End PBXBuildFile section */

/* Begin PBXContainerItemProxy section */
		AE582A2821FF11B1009F4D8A /* PBXContainerItemProxy */ = {
			isa = PBXContainerItemProxy;
			containerPortal = AE675804219C2591006BEA9C /* Project object */;
			proxyType = 1;
			remoteGlobalIDString = AE5829D721FF1000009F4D8A;
			remoteInfo = "Incito-iOS";
		};
		AE582A9521FF2E49009F4D8A /* PBXContainerItemProxy */ = {
			isa = PBXContainerItemProxy;
			containerPortal = AE582A8A21FF2E48009F4D8A /* SVGKit-iOS.xcodeproj */;
			proxyType = 2;
			remoteGlobalIDString = 6639618E16145D0400E58CCA;
			remoteInfo = "SVGKit-iOS";
		};
		AE582A9721FF2E49009F4D8A /* PBXContainerItemProxy */ = {
			isa = PBXContainerItemProxy;
			containerPortal = AE582A8A21FF2E48009F4D8A /* SVGKit-iOS.xcodeproj */;
			proxyType = 2;
			remoteGlobalIDString = 55452BF119EC68A200B75A30;
			remoteInfo = "SVGKit-iOS Tests";
		};
		AE582A9921FF2E49009F4D8A /* PBXContainerItemProxy */ = {
			isa = PBXContainerItemProxy;
			containerPortal = AE582A8A21FF2E48009F4D8A /* SVGKit-iOS.xcodeproj */;
			proxyType = 2;
			remoteGlobalIDString = 825CDAAF1BDA4BC0003C1C12;
			remoteInfo = "SVGKitFramework-iOS";
		};
		AE582A9B21FF2E49009F4D8A /* PBXContainerItemProxy */ = {
			isa = PBXContainerItemProxy;
			containerPortal = AE582A8A21FF2E48009F4D8A /* SVGKit-iOS.xcodeproj */;
			proxyType = 2;
			remoteGlobalIDString = 825CDAB81BDA4BC0003C1C12;
			remoteInfo = "SVGKitFramework-iOSTests";
		};
		AE582A9D21FF2E49009F4D8A /* PBXContainerItemProxy */ = {
			isa = PBXContainerItemProxy;
			containerPortal = AE582A8A21FF2E48009F4D8A /* SVGKit-iOS.xcodeproj */;
			proxyType = 2;
			remoteGlobalIDString = 825CDAD31BDA4D38003C1C12;
			remoteInfo = "SVGKitFramework-tvOS";
		};
		AE582A9F21FF2E49009F4D8A /* PBXContainerItemProxy */ = {
			isa = PBXContainerItemProxy;
			containerPortal = AE582A8A21FF2E48009F4D8A /* SVGKit-iOS.xcodeproj */;
			proxyType = 2;
			remoteGlobalIDString = 825CDADC1BDA4D38003C1C12;
			remoteInfo = "SVGKitFramework-tvOSTests";
		};
		AE582AA121FF2E49009F4D8A /* PBXContainerItemProxy */ = {
			isa = PBXContainerItemProxy;
			containerPortal = AE582A8A21FF2E48009F4D8A /* SVGKit-iOS.xcodeproj */;
			proxyType = 2;
			remoteGlobalIDString = 321EAA622171EC8700640504;
			remoteInfo = "SVGKitFramework-OSX";
		};
		AE582AA321FF2E49009F4D8A /* PBXContainerItemProxy */ = {
			isa = PBXContainerItemProxy;
			containerPortal = AE582A8A21FF2E48009F4D8A /* SVGKit-iOS.xcodeproj */;
			proxyType = 2;
			remoteGlobalIDString = 32A1F09C21746F4700ABFCE1;
			remoteInfo = "SVGKitFramework-OSXTests";
		};
		AE582AA921FF2E6E009F4D8A /* PBXContainerItemProxy */ = {
			isa = PBXContainerItemProxy;
			containerPortal = AE582AA521FF2E6E009F4D8A /* FLAnimatedImage.xcodeproj */;
			proxyType = 2;
			remoteGlobalIDString = 92C9BC0C1B199DC500D79B06;
			remoteInfo = FLAnimatedImage;
		};
		AE582AAD21FF2EC2009F4D8A /* PBXContainerItemProxy */ = {
			isa = PBXContainerItemProxy;
			containerPortal = AE582AA521FF2E6E009F4D8A /* FLAnimatedImage.xcodeproj */;
			proxyType = 1;
			remoteGlobalIDString = 92C9BC0B1B199DC500D79B06;
			remoteInfo = FLAnimatedImage;
		};
		AE582AFE21FF3708009F4D8A /* PBXContainerItemProxy */ = {
			isa = PBXContainerItemProxy;
			containerPortal = AE582A8A21FF2E48009F4D8A /* SVGKit-iOS.xcodeproj */;
			proxyType = 1;
			remoteGlobalIDString = 825CDAAE1BDA4BC0003C1C12;
			remoteInfo = "SVGKitFramework-iOS";
		};
/* End PBXContainerItemProxy section */

/* Begin PBXCopyFilesBuildPhase section */
		AE582AB121FF2EDF009F4D8A /* Embed Frameworks */ = {
			isa = PBXCopyFilesBuildPhase;
			buildActionMask = 2147483647;
			dstPath = "";
			dstSubfolderSpec = 10;
			files = (
				AE582B0321FF372F009F4D8A /* CocoaLumberjack.framework in Embed Frameworks */,
				AE582B0221FF3729009F4D8A /* SVGKit.framework in Embed Frameworks */,
				AE582AB221FF2EF9009F4D8A /* FLAnimatedImage.framework in Embed Frameworks */,
			);
			name = "Embed Frameworks";
			runOnlyForDeploymentPostprocessing = 0;
		};
/* End PBXCopyFilesBuildPhase section */

/* Begin PBXFileReference section */
		AE5829D821FF1000009F4D8A /* Incito.framework */ = {isa = PBXFileReference; explicitFileType = wrapper.framework; includeInIndex = 0; path = Incito.framework; sourceTree = BUILT_PRODUCTS_DIR; };
		AE582A2221FF118A009F4D8A /* DecodableTests.swift */ = {isa = PBXFileReference; fileEncoding = 4; lastKnownFileType = sourcecode.swift; path = DecodableTests.swift; sourceTree = "<group>"; };
		AE582A2321FF118A009F4D8A /* Info.plist */ = {isa = PBXFileReference; fileEncoding = 4; lastKnownFileType = text.plist.xml; path = Info.plist; sourceTree = "<group>"; };
		AE582A2B21FF1252009F4D8A /* Incito.h */ = {isa = PBXFileReference; lastKnownFileType = sourcecode.c.h; path = Incito.h; sourceTree = "<group>"; };
		AE582A2C21FF1252009F4D8A /* Info.plist */ = {isa = PBXFileReference; lastKnownFileType = text.plist.xml; path = Info.plist; sourceTree = "<group>"; };
		AE582A4C21FF1735009F4D8A /* JSONValue.swift */ = {isa = PBXFileReference; fileEncoding = 4; lastKnownFileType = sourcecode.swift; path = JSONValue.swift; sourceTree = "<group>"; };
		AE582A4D21FF1735009F4D8A /* String+PreventWidows.swift */ = {isa = PBXFileReference; fileEncoding = 4; lastKnownFileType = sourcecode.swift; path = "String+PreventWidows.swift"; sourceTree = "<group>"; };
		AE582A4E21FF1735009F4D8A /* Result.swift */ = {isa = PBXFileReference; fileEncoding = 4; lastKnownFileType = sourcecode.swift; path = Result.swift; sourceTree = "<group>"; };
		AE582A4F21FF1735009F4D8A /* GenericGeometry.swift */ = {isa = PBXFileReference; fileEncoding = 4; lastKnownFileType = sourcecode.swift; path = GenericGeometry.swift; sourceTree = "<group>"; };
		AE582A5021FF1735009F4D8A /* DecodingHelpers.swift */ = {isa = PBXFileReference; fileEncoding = 4; lastKnownFileType = sourcecode.swift; path = DecodingHelpers.swift; sourceTree = "<group>"; };
		AE582A5121FF1735009F4D8A /* TreeNode.swift */ = {isa = PBXFileReference; fileEncoding = 4; lastKnownFileType = sourcecode.swift; path = TreeNode.swift; sourceTree = "<group>"; };
		AE582A5221FF1735009F4D8A /* GenericIdentifier.swift */ = {isa = PBXFileReference; fileEncoding = 4; lastKnownFileType = sourcecode.swift; path = GenericIdentifier.swift; sourceTree = "<group>"; };
		AE582A5421FF1736009F4D8A /* RenderableView.swift */ = {isa = PBXFileReference; fileEncoding = 4; lastKnownFileType = sourcecode.swift; path = RenderableView.swift; sourceTree = "<group>"; };
		AE582A5521FF1736009F4D8A /* ImageLoader.swift */ = {isa = PBXFileReference; fileEncoding = 4; lastKnownFileType = sourcecode.swift; path = ImageLoader.swift; sourceTree = "<group>"; };
		AE582A5621FF1736009F4D8A /* FontAssetLoader+UIKit.swift */ = {isa = PBXFileReference; fileEncoding = 4; lastKnownFileType = sourcecode.swift; path = "FontAssetLoader+UIKit.swift"; sourceTree = "<group>"; };
		AE582A5721FF1736009F4D8A /* Incito+UIKit.swift */ = {isa = PBXFileReference; fileEncoding = 4; lastKnownFileType = sourcecode.swift; path = "Incito+UIKit.swift"; sourceTree = "<group>"; };
		AE582A5821FF1736009F4D8A /* UIColor+Hex.swift */ = {isa = PBXFileReference; fileEncoding = 4; lastKnownFileType = sourcecode.swift; path = "UIColor+Hex.swift"; sourceTree = "<group>"; };
		AE582A5921FF1736009F4D8A /* IncitoViewController.swift */ = {isa = PBXFileReference; fileEncoding = 4; lastKnownFileType = sourcecode.swift; path = IncitoViewController.swift; sourceTree = "<group>"; };
		AE582A5A21FF1736009F4D8A /* IncitoTypes+UIKit.swift */ = {isa = PBXFileReference; fileEncoding = 4; lastKnownFileType = sourcecode.swift; path = "IncitoTypes+UIKit.swift"; sourceTree = "<group>"; };
		AE582A5B21FF1736009F4D8A /* UIView+RoundedCorners.swift */ = {isa = PBXFileReference; fileEncoding = 4; lastKnownFileType = sourcecode.swift; path = "UIView+RoundedCorners.swift"; sourceTree = "<group>"; };
		AE582A5C21FF1736009F4D8A /* UIImage+Sizing.swift */ = {isa = PBXFileReference; fileEncoding = 4; lastKnownFileType = sourcecode.swift; path = "UIImage+Sizing.swift"; sourceTree = "<group>"; };
		AE582A5D21FF1736009F4D8A /* UIView+AnchorPoint.swift */ = {isa = PBXFileReference; fileEncoding = 4; lastKnownFileType = sourcecode.swift; path = "UIView+AnchorPoint.swift"; sourceTree = "<group>"; };
		AE582A5E21FF1736009F4D8A /* UIView+IncitoViews.swift */ = {isa = PBXFileReference; fileEncoding = 4; lastKnownFileType = sourcecode.swift; path = "UIView+IncitoViews.swift"; sourceTree = "<group>"; };
		AE582A5F21FF1736009F4D8A /* IncitoLoaderViewController.swift */ = {isa = PBXFileReference; fileEncoding = 4; lastKnownFileType = sourcecode.swift; path = IncitoLoaderViewController.swift; sourceTree = "<group>"; };
		AE582A6021FF1736009F4D8A /* RoundedShadowedView.swift */ = {isa = PBXFileReference; fileEncoding = 4; lastKnownFileType = sourcecode.swift; path = RoundedShadowedView.swift; sourceTree = "<group>"; };
		AE582A6221FF1736009F4D8A /* IncitoDocument.swift */ = {isa = PBXFileReference; fileEncoding = 4; lastKnownFileType = sourcecode.swift; path = IncitoDocument.swift; sourceTree = "<group>"; };
		AE582A6321FF1736009F4D8A /* IncitoLayout+Sizing.swift */ = {isa = PBXFileReference; fileEncoding = 4; lastKnownFileType = sourcecode.swift; path = "IncitoLayout+Sizing.swift"; sourceTree = "<group>"; };
		AE582A6421FF1736009F4D8A /* IncitoDocument+Decodable.swift */ = {isa = PBXFileReference; fileEncoding = 4; lastKnownFileType = sourcecode.swift; path = "IncitoDocument+Decodable.swift"; sourceTree = "<group>"; };
		AE582A6521FF1736009F4D8A /* IncitoLayout.swift */ = {isa = PBXFileReference; fileEncoding = 4; lastKnownFileType = sourcecode.swift; path = IncitoLayout.swift; sourceTree = "<group>"; };
		AE582A6621FF1736009F4D8A /* IncitoLayout+Dimensioning.swift */ = {isa = PBXFileReference; fileEncoding = 4; lastKnownFileType = sourcecode.swift; path = "IncitoLayout+Dimensioning.swift"; sourceTree = "<group>"; };
		AE582A6721FF1736009F4D8A /* IncitoLayout+Positioning.swift */ = {isa = PBXFileReference; fileEncoding = 4; lastKnownFileType = sourcecode.swift; path = "IncitoLayout+Positioning.swift"; sourceTree = "<group>"; };
		AE582A6821FF1736009F4D8A /* FontAssetLoader.swift */ = {isa = PBXFileReference; fileEncoding = 4; lastKnownFileType = sourcecode.swift; path = FontAssetLoader.swift; sourceTree = "<group>"; };
		AE582A6921FF1736009F4D8A /* IncitoTypes.swift */ = {isa = PBXFileReference; fileEncoding = 4; lastKnownFileType = sourcecode.swift; path = IncitoTypes.swift; sourceTree = "<group>"; };
		AE582A8A21FF2E48009F4D8A /* SVGKit-iOS.xcodeproj */ = {isa = PBXFileReference; lastKnownFileType = "wrapper.pb-project"; name = "SVGKit-iOS.xcodeproj"; path = "External/SVGKit/SVGKit-iOS.xcodeproj"; sourceTree = "<group>"; };
		AE582AA521FF2E6E009F4D8A /* FLAnimatedImage.xcodeproj */ = {isa = PBXFileReference; lastKnownFileType = "wrapper.pb-project"; name = FLAnimatedImage.xcodeproj; path = External/FLAnimatedImage/FLAnimatedImage.xcodeproj; sourceTree = "<group>"; };
		AE582AB421FF2FCD009F4D8A /* Measure.swift */ = {isa = PBXFileReference; fileEncoding = 4; lastKnownFileType = sourcecode.swift; path = Measure.swift; sourceTree = "<group>"; };
		AE582AB621FF30A3009F4D8A /* CocoaLumberjack.framework */ = {isa = PBXFileReference; lastKnownFileType = wrapper.framework; name = CocoaLumberjack.framework; path = "External/SVGKit/3rd-party-frameworks/CocoaLumberjack-2.2.0/iOS/CocoaLumberjack.framework"; sourceTree = "<group>"; };
		AE582B0421FF37A9009F4D8A /* Incito.podspec */ = {isa = PBXFileReference; lastKnownFileType = text; path = Incito.podspec; sourceTree = "<group>"; xcLanguageSpecificationIdentifier = xcode.lang.ruby; };
		AE582B0521FF37A9009F4D8A /* Cartfile */ = {isa = PBXFileReference; lastKnownFileType = text; path = Cartfile; sourceTree = "<group>"; };
		AE582B0F21FF4EA8009F4D8A /* IncitoLoader.swift */ = {isa = PBXFileReference; lastKnownFileType = sourcecode.swift; path = IncitoLoader.swift; sourceTree = "<group>"; };
		AE675820219C2593006BEA9C /* IncitoTests.xctest */ = {isa = PBXFileReference; explicitFileType = wrapper.cfbundle; includeInIndex = 0; path = IncitoTests.xctest; sourceTree = BUILT_PRODUCTS_DIR; };
		AE8450C72200F8530000A8D8 /* CopyableLabel.swift */ = {isa = PBXFileReference; fileEncoding = 4; lastKnownFileType = sourcecode.swift; path = CopyableLabel.swift; sourceTree = "<group>"; };
		AE8450D022019C680000A8D8 /* en */ = {isa = PBXFileReference; lastKnownFileType = text.plist.strings; name = en; path = en.lproj/Incito.strings; sourceTree = "<group>"; };
		AE8450D222019D270000A8D8 /* Bundle+Incito.swift */ = {isa = PBXFileReference; lastKnownFileType = sourcecode.swift; path = "Bundle+Incito.swift"; sourceTree = "<group>"; };
		AE8450D42201A0960000A8D8 /* Resources.swift */ = {isa = PBXFileReference; lastKnownFileType = sourcecode.swift; path = Resources.swift; sourceTree = "<group>"; };
		AECF0E8F2200795B00E7A64A /* DefaultErrorViewController.swift */ = {isa = PBXFileReference; lastKnownFileType = sourcecode.swift; path = DefaultErrorViewController.swift; sourceTree = "<group>"; };
		AECF0E9122007C5900E7A64A /* DefaultLoadingViewController.swift */ = {isa = PBXFileReference; lastKnownFileType = sourcecode.swift; path = DefaultLoadingViewController.swift; sourceTree = "<group>"; };
/* End PBXFileReference section */

/* Begin PBXFrameworksBuildPhase section */
		AE5829D521FF1000009F4D8A /* Frameworks */ = {
			isa = PBXFrameworksBuildPhase;
			buildActionMask = 2147483647;
			files = (
				AE582B0121FF371E009F4D8A /* CocoaLumberjack.framework in Frameworks */,
				AE582B0021FF3716009F4D8A /* SVGKit.framework in Frameworks */,
				AE582AAB21FF2EAA009F4D8A /* FLAnimatedImage.framework in Frameworks */,
			);
			runOnlyForDeploymentPostprocessing = 0;
		};
		AE67581D219C2593006BEA9C /* Frameworks */ = {
			isa = PBXFrameworksBuildPhase;
			buildActionMask = 2147483647;
			files = (
				AE582A2E21FF131D009F4D8A /* Incito.framework in Frameworks */,
			);
			runOnlyForDeploymentPostprocessing = 0;
		};
/* End PBXFrameworksBuildPhase section */

/* Begin PBXGroup section */
		AE582A2121FF118A009F4D8A /* Tests */ = {
			isa = PBXGroup;
			children = (
				AE582A2221FF118A009F4D8A /* DecodableTests.swift */,
				AE582A2321FF118A009F4D8A /* Info.plist */,
			);
			path = Tests;
			sourceTree = "<group>";
		};
		AE582A2A21FF1252009F4D8A /* Sources */ = {
			isa = PBXGroup;
			children = (
				AE582A2C21FF1252009F4D8A /* Info.plist */,
				AE582A2B21FF1252009F4D8A /* Incito.h */,
				AE582A6121FF1736009F4D8A /* Core */,
				AE582A5321FF1736009F4D8A /* UIKit */,
				AE582A4B21FF1735009F4D8A /* Utils */,
			);
			path = Sources;
			sourceTree = "<group>";
		};
		AE582A4B21FF1735009F4D8A /* Utils */ = {
			isa = PBXGroup;
			children = (
				AE582A4C21FF1735009F4D8A /* JSONValue.swift */,
				AE582A4D21FF1735009F4D8A /* String+PreventWidows.swift */,
				AE582A4E21FF1735009F4D8A /* Result.swift */,
				AE582A4F21FF1735009F4D8A /* GenericGeometry.swift */,
				AE582A5021FF1735009F4D8A /* DecodingHelpers.swift */,
				AE582A5121FF1735009F4D8A /* TreeNode.swift */,
				AE582A5221FF1735009F4D8A /* GenericIdentifier.swift */,
				AE582AB421FF2FCD009F4D8A /* Measure.swift */,
				AE8450D222019D270000A8D8 /* Bundle+Incito.swift */,
			);
			path = Utils;
			sourceTree = "<group>";
		};
		AE582A5321FF1736009F4D8A /* UIKit */ = {
			isa = PBXGroup;
			children = (
				AE582A5921FF1736009F4D8A /* IncitoViewController.swift */,
				AE582A5F21FF1736009F4D8A /* IncitoLoaderViewController.swift */,
				AE582B0F21FF4EA8009F4D8A /* IncitoLoader.swift */,
				AECF0E8F2200795B00E7A64A /* DefaultErrorViewController.swift */,
				AECF0E9122007C5900E7A64A /* DefaultLoadingViewController.swift */,
				AE582A5421FF1736009F4D8A /* RenderableView.swift */,
				AE582A5521FF1736009F4D8A /* ImageLoader.swift */,
				AE582A5621FF1736009F4D8A /* FontAssetLoader+UIKit.swift */,
				AE582A5721FF1736009F4D8A /* Incito+UIKit.swift */,
				AE582A5821FF1736009F4D8A /* UIColor+Hex.swift */,
				AE582A5A21FF1736009F4D8A /* IncitoTypes+UIKit.swift */,
				AE582A5B21FF1736009F4D8A /* UIView+RoundedCorners.swift */,
				AE582A5C21FF1736009F4D8A /* UIImage+Sizing.swift */,
				AE582A5D21FF1736009F4D8A /* UIView+AnchorPoint.swift */,
				AE582A5E21FF1736009F4D8A /* UIView+IncitoViews.swift */,
				AE582A6021FF1736009F4D8A /* RoundedShadowedView.swift */,
				AE8450C72200F8530000A8D8 /* CopyableLabel.swift */,
				AE8450C922019BFE0000A8D8 /* Resources */,
			);
			path = UIKit;
			sourceTree = "<group>";
		};
		AE582A6121FF1736009F4D8A /* Core */ = {
			isa = PBXGroup;
			children = (
				AE582A6221FF1736009F4D8A /* IncitoDocument.swift */,
				AE582A6421FF1736009F4D8A /* IncitoDocument+Decodable.swift */,
				AE582A6521FF1736009F4D8A /* IncitoLayout.swift */,
				AE582A6321FF1736009F4D8A /* IncitoLayout+Sizing.swift */,
				AE582A6621FF1736009F4D8A /* IncitoLayout+Dimensioning.swift */,
				AE582A6721FF1736009F4D8A /* IncitoLayout+Positioning.swift */,
				AE582A6821FF1736009F4D8A /* FontAssetLoader.swift */,
				AE582A6921FF1736009F4D8A /* IncitoTypes.swift */,
			);
			path = Core;
			sourceTree = "<group>";
		};
		AE582A8921FF2E24009F4D8A /* Frameworks */ = {
			isa = PBXGroup;
			children = (
				AE582AA521FF2E6E009F4D8A /* FLAnimatedImage.xcodeproj */,
				AE582A8A21FF2E48009F4D8A /* SVGKit-iOS.xcodeproj */,
				AE582AB621FF30A3009F4D8A /* CocoaLumberjack.framework */,
			);
			name = Frameworks;
			sourceTree = "<group>";
		};
		AE582A8B21FF2E48009F4D8A /* Products */ = {
			isa = PBXGroup;
			children = (
				AE582A9621FF2E49009F4D8A /* libSVGKit-iOS.2.1.0.a */,
				AE582A9821FF2E49009F4D8A /* SVGKit-iOS Tests.xctest */,
				AE582A9A21FF2E49009F4D8A /* SVGKit.framework */,
				AE582A9C21FF2E49009F4D8A /* SVGKitFramework-iOSTests.xctest */,
				AE582A9E21FF2E49009F4D8A /* SVGKit.framework */,
				AE582AA021FF2E49009F4D8A /* SVGKitFramework-tvOSTests.xctest */,
				AE582AA221FF2E49009F4D8A /* SVGKit.framework */,
				AE582AA421FF2E49009F4D8A /* SVGKitFramework-OSXTests.xctest */,
			);
			name = Products;
			sourceTree = "<group>";
		};
		AE582AA621FF2E6E009F4D8A /* Products */ = {
			isa = PBXGroup;
			children = (
				AE582AAA21FF2E6E009F4D8A /* FLAnimatedImage.framework */,
			);
			name = Products;
			sourceTree = "<group>";
		};
		AE675803219C2591006BEA9C = {
			isa = PBXGroup;
			children = (
				AE582B0421FF37A9009F4D8A /* Incito.podspec */,
				AE582B0521FF37A9009F4D8A /* Cartfile */,
				AE582A2A21FF1252009F4D8A /* Sources */,
				AE582A2121FF118A009F4D8A /* Tests */,
				AE67580D219C2592006BEA9C /* Products */,
				AE582A8921FF2E24009F4D8A /* Frameworks */,
			);
			sourceTree = "<group>";
		};
		AE67580D219C2592006BEA9C /* Products */ = {
			isa = PBXGroup;
			children = (
				AE675820219C2593006BEA9C /* IncitoTests.xctest */,
				AE5829D821FF1000009F4D8A /* Incito.framework */,
			);
			name = Products;
			sourceTree = "<group>";
		};
		AE8450C922019BFE0000A8D8 /* Resources */ = {
			isa = PBXGroup;
			children = (
				AE8450D122019C680000A8D8 /* Incito.strings */,
				AE8450D42201A0960000A8D8 /* Resources.swift */,
			);
			path = Resources;
			sourceTree = "<group>";
		};
/* End PBXGroup section */

/* Begin PBXHeadersBuildPhase section */
		AE5829D321FF1000009F4D8A /* Headers */ = {
			isa = PBXHeadersBuildPhase;
			buildActionMask = 2147483647;
			files = (
				AE582A2D21FF1266009F4D8A /* Incito.h in Headers */,
			);
			runOnlyForDeploymentPostprocessing = 0;
		};
/* End PBXHeadersBuildPhase section */

/* Begin PBXNativeTarget section */
		AE5829D721FF1000009F4D8A /* Incito-iOS */ = {
			isa = PBXNativeTarget;
			buildConfigurationList = AE5829E121FF1000009F4D8A /* Build configuration list for PBXNativeTarget "Incito-iOS" */;
			buildPhases = (
				AE5829D321FF1000009F4D8A /* Headers */,
				AE5829D521FF1000009F4D8A /* Frameworks */,
				AE5829D421FF1000009F4D8A /* Sources */,
				AE5829D621FF1000009F4D8A /* Resources */,
				AE582AB121FF2EDF009F4D8A /* Embed Frameworks */,
			);
			buildRules = (
			);
			dependencies = (
				AE582AFF21FF3708009F4D8A /* PBXTargetDependency */,
				AE582AAE21FF2EC2009F4D8A /* PBXTargetDependency */,
			);
			name = "Incito-iOS";
			productName = "Incito-iOS";
			productReference = AE5829D821FF1000009F4D8A /* Incito.framework */;
			productType = "com.apple.product-type.framework";
		};
		AE67581F219C2593006BEA9C /* IncitoTests */ = {
			isa = PBXNativeTarget;
			buildConfigurationList = AE67582C219C2593006BEA9C /* Build configuration list for PBXNativeTarget "IncitoTests" */;
			buildPhases = (
				AE67581C219C2593006BEA9C /* Sources */,
				AE67581D219C2593006BEA9C /* Frameworks */,
				AE67581E219C2593006BEA9C /* Resources */,
			);
			buildRules = (
			);
			dependencies = (
				AE582A2921FF11B1009F4D8A /* PBXTargetDependency */,
			);
			name = IncitoTests;
			productName = IncitoTests;
			productReference = AE675820219C2593006BEA9C /* IncitoTests.xctest */;
			productType = "com.apple.product-type.bundle.unit-test";
		};
/* End PBXNativeTarget section */

/* Begin PBXProject section */
		AE675804219C2591006BEA9C /* Project object */ = {
			isa = PBXProject;
			attributes = {
				LastSwiftUpdateCheck = 1010;
				LastUpgradeCheck = 1010;
				ORGANIZATIONNAME = ShopGun;
				TargetAttributes = {
					AE5829D721FF1000009F4D8A = {
						CreatedOnToolsVersion = 10.1;
					};
					AE67581F219C2593006BEA9C = {
						CreatedOnToolsVersion = 10.1;
						TestTargetID = AE67580B219C2591006BEA9C;
					};
				};
			};
			buildConfigurationList = AE675807219C2591006BEA9C /* Build configuration list for PBXProject "Incito" */;
			compatibilityVersion = "Xcode 9.3";
			developmentRegion = en;
			hasScannedForEncodings = 0;
			knownRegions = (
				en,
				Base,
			);
			mainGroup = AE675803219C2591006BEA9C;
			productRefGroup = AE67580D219C2592006BEA9C /* Products */;
			projectDirPath = "";
			projectReferences = (
				{
					ProductGroup = AE582AA621FF2E6E009F4D8A /* Products */;
					ProjectRef = AE582AA521FF2E6E009F4D8A /* FLAnimatedImage.xcodeproj */;
				},
				{
					ProductGroup = AE582A8B21FF2E48009F4D8A /* Products */;
					ProjectRef = AE582A8A21FF2E48009F4D8A /* SVGKit-iOS.xcodeproj */;
				},
			);
			projectRoot = "";
			targets = (
				AE5829D721FF1000009F4D8A /* Incito-iOS */,
				AE67581F219C2593006BEA9C /* IncitoTests */,
			);
		};
/* End PBXProject section */

/* Begin PBXReferenceProxy section */
		AE582A9621FF2E49009F4D8A /* libSVGKit-iOS.2.1.0.a */ = {
			isa = PBXReferenceProxy;
			fileType = archive.ar;
			path = "libSVGKit-iOS.2.1.0.a";
			remoteRef = AE582A9521FF2E49009F4D8A /* PBXContainerItemProxy */;
			sourceTree = BUILT_PRODUCTS_DIR;
		};
		AE582A9821FF2E49009F4D8A /* SVGKit-iOS Tests.xctest */ = {
			isa = PBXReferenceProxy;
			fileType = wrapper.cfbundle;
			path = "SVGKit-iOS Tests.xctest";
			remoteRef = AE582A9721FF2E49009F4D8A /* PBXContainerItemProxy */;
			sourceTree = BUILT_PRODUCTS_DIR;
		};
		AE582A9A21FF2E49009F4D8A /* SVGKit.framework */ = {
			isa = PBXReferenceProxy;
			fileType = wrapper.framework;
			path = SVGKit.framework;
			remoteRef = AE582A9921FF2E49009F4D8A /* PBXContainerItemProxy */;
			sourceTree = BUILT_PRODUCTS_DIR;
		};
		AE582A9C21FF2E49009F4D8A /* SVGKitFramework-iOSTests.xctest */ = {
			isa = PBXReferenceProxy;
			fileType = wrapper.cfbundle;
			path = "SVGKitFramework-iOSTests.xctest";
			remoteRef = AE582A9B21FF2E49009F4D8A /* PBXContainerItemProxy */;
			sourceTree = BUILT_PRODUCTS_DIR;
		};
		AE582A9E21FF2E49009F4D8A /* SVGKit.framework */ = {
			isa = PBXReferenceProxy;
			fileType = wrapper.framework;
			path = SVGKit.framework;
			remoteRef = AE582A9D21FF2E49009F4D8A /* PBXContainerItemProxy */;
			sourceTree = BUILT_PRODUCTS_DIR;
		};
		AE582AA021FF2E49009F4D8A /* SVGKitFramework-tvOSTests.xctest */ = {
			isa = PBXReferenceProxy;
			fileType = wrapper.cfbundle;
			path = "SVGKitFramework-tvOSTests.xctest";
			remoteRef = AE582A9F21FF2E49009F4D8A /* PBXContainerItemProxy */;
			sourceTree = BUILT_PRODUCTS_DIR;
		};
		AE582AA221FF2E49009F4D8A /* SVGKit.framework */ = {
			isa = PBXReferenceProxy;
			fileType = wrapper.framework;
			path = SVGKit.framework;
			remoteRef = AE582AA121FF2E49009F4D8A /* PBXContainerItemProxy */;
			sourceTree = BUILT_PRODUCTS_DIR;
		};
		AE582AA421FF2E49009F4D8A /* SVGKitFramework-OSXTests.xctest */ = {
			isa = PBXReferenceProxy;
			fileType = wrapper.cfbundle;
			path = "SVGKitFramework-OSXTests.xctest";
			remoteRef = AE582AA321FF2E49009F4D8A /* PBXContainerItemProxy */;
			sourceTree = BUILT_PRODUCTS_DIR;
		};
		AE582AAA21FF2E6E009F4D8A /* FLAnimatedImage.framework */ = {
			isa = PBXReferenceProxy;
			fileType = wrapper.framework;
			path = FLAnimatedImage.framework;
			remoteRef = AE582AA921FF2E6E009F4D8A /* PBXContainerItemProxy */;
			sourceTree = BUILT_PRODUCTS_DIR;
		};
/* End PBXReferenceProxy section */

/* Begin PBXResourcesBuildPhase section */
		AE5829D621FF1000009F4D8A /* Resources */ = {
			isa = PBXResourcesBuildPhase;
			buildActionMask = 2147483647;
			files = (
				AE8450CF22019C680000A8D8 /* Incito.strings in Resources */,
			);
			runOnlyForDeploymentPostprocessing = 0;
		};
		AE67581E219C2593006BEA9C /* Resources */ = {
			isa = PBXResourcesBuildPhase;
			buildActionMask = 2147483647;
			files = (
			);
			runOnlyForDeploymentPostprocessing = 0;
		};
/* End PBXResourcesBuildPhase section */

/* Begin PBXSourcesBuildPhase section */
		AE5829D421FF1000009F4D8A /* Sources */ = {
			isa = PBXSourcesBuildPhase;
			buildActionMask = 2147483647;
			files = (
				AE582A6E21FF1736009F4D8A /* DecodingHelpers.swift in Sources */,
				AE582A6C21FF1736009F4D8A /* Result.swift in Sources */,
				AE582A8221FF1736009F4D8A /* IncitoLayout+Dimensioning.swift in Sources */,
				AE582A7721FF1736009F4D8A /* IncitoTypes+UIKit.swift in Sources */,
				AE582B1021FF4EA8009F4D8A /* IncitoLoader.swift in Sources */,
				AE8450C82200F8530000A8D8 /* CopyableLabel.swift in Sources */,
				AE582A7621FF1736009F4D8A /* IncitoViewController.swift in Sources */,
				AE582A6D21FF1736009F4D8A /* GenericGeometry.swift in Sources */,
				AE582A7F21FF1736009F4D8A /* IncitoLayout+Sizing.swift in Sources */,
				AE582A8021FF1736009F4D8A /* IncitoDocument+Decodable.swift in Sources */,
				AE582A7A21FF1736009F4D8A /* UIView+AnchorPoint.swift in Sources */,
				AE582A6B21FF1736009F4D8A /* String+PreventWidows.swift in Sources */,
				AE582A7D21FF1736009F4D8A /* RoundedShadowedView.swift in Sources */,
				AE582A8521FF1736009F4D8A /* IncitoTypes.swift in Sources */,
				AE582A6A21FF1736009F4D8A /* JSONValue.swift in Sources */,
				AE582A7221FF1736009F4D8A /* ImageLoader.swift in Sources */,
				AE582A8321FF1736009F4D8A /* IncitoLayout+Positioning.swift in Sources */,
				AE582A8421FF1736009F4D8A /* FontAssetLoader.swift in Sources */,
				AE582A7E21FF1736009F4D8A /* IncitoDocument.swift in Sources */,
				AE582A6F21FF1736009F4D8A /* TreeNode.swift in Sources */,
				AE582A7421FF1736009F4D8A /* Incito+UIKit.swift in Sources */,
				AE582AB521FF2FCD009F4D8A /* Measure.swift in Sources */,
				AE582A7321FF1736009F4D8A /* FontAssetLoader+UIKit.swift in Sources */,
				AE8450D52201A0960000A8D8 /* Resources.swift in Sources */,
				AE582A7521FF1736009F4D8A /* UIColor+Hex.swift in Sources */,
				AECF0E902200795B00E7A64A /* DefaultErrorViewController.swift in Sources */,
				AE582A8121FF1736009F4D8A /* IncitoLayout.swift in Sources */,
				AE582A7B21FF1736009F4D8A /* UIView+IncitoViews.swift in Sources */,
				AE582A7821FF1736009F4D8A /* UIView+RoundedCorners.swift in Sources */,
				AECF0E9222007C5900E7A64A /* DefaultLoadingViewController.swift in Sources */,
				AE582A7121FF1736009F4D8A /* RenderableView.swift in Sources */,
				AE582A7021FF1736009F4D8A /* GenericIdentifier.swift in Sources */,
				AE8450D322019D270000A8D8 /* Bundle+Incito.swift in Sources */,
				AE582A7921FF1736009F4D8A /* UIImage+Sizing.swift in Sources */,
				AE582A7C21FF1736009F4D8A /* IncitoLoaderViewController.swift in Sources */,
			);
			runOnlyForDeploymentPostprocessing = 0;
		};
		AE67581C219C2593006BEA9C /* Sources */ = {
			isa = PBXSourcesBuildPhase;
			buildActionMask = 2147483647;
			files = (
				AE582A2521FF118A009F4D8A /* DecodableTests.swift in Sources */,
			);
			runOnlyForDeploymentPostprocessing = 0;
		};
/* End PBXSourcesBuildPhase section */

/* Begin PBXTargetDependency section */
		AE582A2921FF11B1009F4D8A /* PBXTargetDependency */ = {
			isa = PBXTargetDependency;
			target = AE5829D721FF1000009F4D8A /* Incito-iOS */;
			targetProxy = AE582A2821FF11B1009F4D8A /* PBXContainerItemProxy */;
		};
		AE582AAE21FF2EC2009F4D8A /* PBXTargetDependency */ = {
			isa = PBXTargetDependency;
			name = FLAnimatedImage;
			targetProxy = AE582AAD21FF2EC2009F4D8A /* PBXContainerItemProxy */;
		};
		AE582AFF21FF3708009F4D8A /* PBXTargetDependency */ = {
			isa = PBXTargetDependency;
			name = "SVGKitFramework-iOS";
			targetProxy = AE582AFE21FF3708009F4D8A /* PBXContainerItemProxy */;
		};
/* End PBXTargetDependency section */

/* Begin PBXVariantGroup section */
		AE8450D122019C680000A8D8 /* Incito.strings */ = {
			isa = PBXVariantGroup;
			children = (
				AE8450D022019C680000A8D8 /* en */,
			);
			name = Incito.strings;
			sourceTree = "<group>";
		};
/* End PBXVariantGroup section */

/* Begin XCBuildConfiguration section */
		AE5829E221FF1000009F4D8A /* Debug */ = {
			isa = XCBuildConfiguration;
			buildSettings = {
				CODE_SIGN_IDENTITY = "";
				CODE_SIGN_STYLE = Automatic;
				CURRENT_PROJECT_VERSION = 1;
				DEVELOPMENT_TEAM = MN86AVA6GX;
				DYLIB_COMPATIBILITY_VERSION = 1;
				DYLIB_CURRENT_VERSION = 1;
				DYLIB_INSTALL_NAME_BASE = "@rpath";
				FRAMEWORK_SEARCH_PATHS = (
					"$(inherited)",
					"$(PROJECT_DIR)/External/SVGKit/3rd-party-frameworks/CocoaLumberjack-2.2.0/iOS",
				);
				INFOPLIST_FILE = Sources/Info.plist;
				INSTALL_PATH = "$(LOCAL_LIBRARY_DIR)/Frameworks";
				LD_RUNPATH_SEARCH_PATHS = (
					"$(inherited)",
					"@executable_path/Frameworks",
					"@loader_path/Frameworks",
				);
				PRODUCT_BUNDLE_IDENTIFIER = "com.shopgun.$(PRODUCT_NAME:rfc1034identifier)";
				PRODUCT_NAME = Incito;
				SKIP_INSTALL = YES;
				SWIFT_VERSION = 4.2;
				TARGETED_DEVICE_FAMILY = "1,2";
				VERSIONING_SYSTEM = "apple-generic";
				VERSION_INFO_PREFIX = "";
			};
			name = Debug;
		};
		AE5829E321FF1000009F4D8A /* Release */ = {
			isa = XCBuildConfiguration;
			buildSettings = {
				CODE_SIGN_IDENTITY = "";
				CODE_SIGN_STYLE = Automatic;
				CURRENT_PROJECT_VERSION = 1;
				DEVELOPMENT_TEAM = MN86AVA6GX;
				DYLIB_COMPATIBILITY_VERSION = 1;
				DYLIB_CURRENT_VERSION = 1;
				DYLIB_INSTALL_NAME_BASE = "@rpath";
				FRAMEWORK_SEARCH_PATHS = (
					"$(inherited)",
					"$(PROJECT_DIR)/External/SVGKit/3rd-party-frameworks/CocoaLumberjack-2.2.0/iOS",
				);
				INFOPLIST_FILE = Sources/Info.plist;
				INSTALL_PATH = "$(LOCAL_LIBRARY_DIR)/Frameworks";
				LD_RUNPATH_SEARCH_PATHS = (
					"$(inherited)",
					"@executable_path/Frameworks",
					"@loader_path/Frameworks",
				);
				PRODUCT_BUNDLE_IDENTIFIER = "com.shopgun.$(PRODUCT_NAME:rfc1034identifier)";
				PRODUCT_NAME = Incito;
				SKIP_INSTALL = YES;
				SWIFT_VERSION = 4.2;
				TARGETED_DEVICE_FAMILY = "1,2";
				VERSIONING_SYSTEM = "apple-generic";
				VERSION_INFO_PREFIX = "";
			};
			name = Release;
		};
		AE675827219C2593006BEA9C /* Debug */ = {
			isa = XCBuildConfiguration;
			buildSettings = {
				ALWAYS_SEARCH_USER_PATHS = NO;
				CLANG_ANALYZER_NONNULL = YES;
				CLANG_ANALYZER_NUMBER_OBJECT_CONVERSION = YES_AGGRESSIVE;
				CLANG_CXX_LANGUAGE_STANDARD = "gnu++14";
				CLANG_CXX_LIBRARY = "libc++";
				CLANG_ENABLE_MODULES = YES;
				CLANG_ENABLE_OBJC_ARC = YES;
				CLANG_ENABLE_OBJC_WEAK = YES;
				CLANG_WARN_BLOCK_CAPTURE_AUTORELEASING = YES;
				CLANG_WARN_BOOL_CONVERSION = YES;
				CLANG_WARN_COMMA = YES;
				CLANG_WARN_CONSTANT_CONVERSION = YES;
				CLANG_WARN_DEPRECATED_OBJC_IMPLEMENTATIONS = YES;
				CLANG_WARN_DIRECT_OBJC_ISA_USAGE = YES_ERROR;
				CLANG_WARN_DOCUMENTATION_COMMENTS = YES;
				CLANG_WARN_EMPTY_BODY = YES;
				CLANG_WARN_ENUM_CONVERSION = YES;
				CLANG_WARN_INFINITE_RECURSION = YES;
				CLANG_WARN_INT_CONVERSION = YES;
				CLANG_WARN_NON_LITERAL_NULL_CONVERSION = YES;
				CLANG_WARN_OBJC_IMPLICIT_RETAIN_SELF = YES;
				CLANG_WARN_OBJC_LITERAL_CONVERSION = YES;
				CLANG_WARN_OBJC_ROOT_CLASS = YES_ERROR;
				CLANG_WARN_RANGE_LOOP_ANALYSIS = YES;
				CLANG_WARN_STRICT_PROTOTYPES = YES;
				CLANG_WARN_SUSPICIOUS_MOVE = YES;
				CLANG_WARN_UNGUARDED_AVAILABILITY = YES_AGGRESSIVE;
				CLANG_WARN_UNREACHABLE_CODE = YES;
				CLANG_WARN__DUPLICATE_METHOD_MATCH = YES;
				CODE_SIGN_IDENTITY = "iPhone Developer";
				COPY_PHASE_STRIP = NO;
				DEBUG_INFORMATION_FORMAT = dwarf;
				ENABLE_STRICT_OBJC_MSGSEND = YES;
				ENABLE_TESTABILITY = YES;
				GCC_C_LANGUAGE_STANDARD = gnu99;
				GCC_DYNAMIC_NO_PIC = NO;
				GCC_NO_COMMON_BLOCKS = YES;
				GCC_OPTIMIZATION_LEVEL = 0;
				GCC_PREPROCESSOR_DEFINITIONS = (
					"DEBUG=1",
					"$(inherited)",
				);
				GCC_WARN_64_TO_32_BIT_CONVERSION = YES;
				GCC_WARN_ABOUT_RETURN_TYPE = YES_ERROR;
				GCC_WARN_UNDECLARED_SELECTOR = YES;
				GCC_WARN_UNINITIALIZED_AUTOS = YES_AGGRESSIVE;
				GCC_WARN_UNUSED_FUNCTION = YES;
				GCC_WARN_UNUSED_VARIABLE = YES;
				IPHONEOS_DEPLOYMENT_TARGET = 9.3;
				MTL_ENABLE_DEBUG_INFO = INCLUDE_SOURCE;
				MTL_FAST_MATH = YES;
				ONLY_ACTIVE_ARCH = YES;
				SDKROOT = iphoneos;
				SWIFT_ACTIVE_COMPILATION_CONDITIONS = DEBUG;
				SWIFT_OPTIMIZATION_LEVEL = "-Onone";
			};
			name = Debug;
		};
		AE675828219C2593006BEA9C /* Release */ = {
			isa = XCBuildConfiguration;
			buildSettings = {
				ALWAYS_SEARCH_USER_PATHS = NO;
				CLANG_ANALYZER_NONNULL = YES;
				CLANG_ANALYZER_NUMBER_OBJECT_CONVERSION = YES_AGGRESSIVE;
				CLANG_CXX_LANGUAGE_STANDARD = "gnu++14";
				CLANG_CXX_LIBRARY = "libc++";
				CLANG_ENABLE_MODULES = YES;
				CLANG_ENABLE_OBJC_ARC = YES;
				CLANG_ENABLE_OBJC_WEAK = YES;
				CLANG_WARN_BLOCK_CAPTURE_AUTORELEASING = YES;
				CLANG_WARN_BOOL_CONVERSION = YES;
				CLANG_WARN_COMMA = YES;
				CLANG_WARN_CONSTANT_CONVERSION = YES;
				CLANG_WARN_DEPRECATED_OBJC_IMPLEMENTATIONS = YES;
				CLANG_WARN_DIRECT_OBJC_ISA_USAGE = YES_ERROR;
				CLANG_WARN_DOCUMENTATION_COMMENTS = YES;
				CLANG_WARN_EMPTY_BODY = YES;
				CLANG_WARN_ENUM_CONVERSION = YES;
				CLANG_WARN_INFINITE_RECURSION = YES;
				CLANG_WARN_INT_CONVERSION = YES;
				CLANG_WARN_NON_LITERAL_NULL_CONVERSION = YES;
				CLANG_WARN_OBJC_IMPLICIT_RETAIN_SELF = YES;
				CLANG_WARN_OBJC_LITERAL_CONVERSION = YES;
				CLANG_WARN_OBJC_ROOT_CLASS = YES_ERROR;
				CLANG_WARN_RANGE_LOOP_ANALYSIS = YES;
				CLANG_WARN_STRICT_PROTOTYPES = YES;
				CLANG_WARN_SUSPICIOUS_MOVE = YES;
				CLANG_WARN_UNGUARDED_AVAILABILITY = YES_AGGRESSIVE;
				CLANG_WARN_UNREACHABLE_CODE = YES;
				CLANG_WARN__DUPLICATE_METHOD_MATCH = YES;
				CODE_SIGN_IDENTITY = "iPhone Developer";
				COPY_PHASE_STRIP = NO;
				DEBUG_INFORMATION_FORMAT = "dwarf-with-dsym";
				ENABLE_NS_ASSERTIONS = NO;
				ENABLE_STRICT_OBJC_MSGSEND = YES;
				GCC_C_LANGUAGE_STANDARD = gnu99;
				GCC_NO_COMMON_BLOCKS = YES;
				GCC_WARN_64_TO_32_BIT_CONVERSION = YES;
				GCC_WARN_ABOUT_RETURN_TYPE = YES_ERROR;
				GCC_WARN_UNDECLARED_SELECTOR = YES;
				GCC_WARN_UNINITIALIZED_AUTOS = YES_AGGRESSIVE;
				GCC_WARN_UNUSED_FUNCTION = YES;
				GCC_WARN_UNUSED_VARIABLE = YES;
				IPHONEOS_DEPLOYMENT_TARGET = 9.3;
				MTL_ENABLE_DEBUG_INFO = NO;
				MTL_FAST_MATH = YES;
				SDKROOT = iphoneos;
				SWIFT_COMPILATION_MODE = wholemodule;
				SWIFT_OPTIMIZATION_LEVEL = "-O";
				VALIDATE_PRODUCT = YES;
			};
			name = Release;
		};
		AE67582D219C2593006BEA9C /* Debug */ = {
			isa = XCBuildConfiguration;
			buildSettings = {
				ALWAYS_EMBED_SWIFT_STANDARD_LIBRARIES = YES;
				BUNDLE_LOADER = "$(TEST_HOST)";
				CODE_SIGN_STYLE = Automatic;
				DEVELOPMENT_TEAM = MN86AVA6GX;
				INFOPLIST_FILE = Tests/Info.plist;
				LD_RUNPATH_SEARCH_PATHS = (
					"$(inherited)",
					"@executable_path/Frameworks",
					"@loader_path/Frameworks",
				);
				PRODUCT_BUNDLE_IDENTIFIER = com.shopgun.IncitoTests;
				PRODUCT_NAME = "$(TARGET_NAME)";
				SWIFT_VERSION = 4.2;
				TARGETED_DEVICE_FAMILY = "1,2";
				TEST_HOST = "$(BUILT_PRODUCTS_DIR)/Incito.app/Incito";
			};
			name = Debug;
		};
		AE67582E219C2593006BEA9C /* Release */ = {
			isa = XCBuildConfiguration;
			buildSettings = {
				ALWAYS_EMBED_SWIFT_STANDARD_LIBRARIES = YES;
				BUNDLE_LOADER = "$(TEST_HOST)";
				CODE_SIGN_STYLE = Automatic;
				DEVELOPMENT_TEAM = MN86AVA6GX;
				INFOPLIST_FILE = Tests/Info.plist;
				LD_RUNPATH_SEARCH_PATHS = (
					"$(inherited)",
					"@executable_path/Frameworks",
					"@loader_path/Frameworks",
				);
				PRODUCT_BUNDLE_IDENTIFIER = com.shopgun.IncitoTests;
				PRODUCT_NAME = "$(TARGET_NAME)";
				SWIFT_VERSION = 4.2;
				TARGETED_DEVICE_FAMILY = "1,2";
				TEST_HOST = "$(BUILT_PRODUCTS_DIR)/Incito.app/Incito";
			};
			name = Release;
		};
/* End XCBuildConfiguration section */

/* Begin XCConfigurationList section */
		AE5829E121FF1000009F4D8A /* Build configuration list for PBXNativeTarget "Incito-iOS" */ = {
			isa = XCConfigurationList;
			buildConfigurations = (
				AE5829E221FF1000009F4D8A /* Debug */,
				AE5829E321FF1000009F4D8A /* Release */,
			);
			defaultConfigurationIsVisible = 0;
			defaultConfigurationName = Release;
		};
		AE675807219C2591006BEA9C /* Build configuration list for PBXProject "Incito" */ = {
			isa = XCConfigurationList;
			buildConfigurations = (
				AE675827219C2593006BEA9C /* Debug */,
				AE675828219C2593006BEA9C /* Release */,
			);
			defaultConfigurationIsVisible = 0;
			defaultConfigurationName = Release;
		};
		AE67582C219C2593006BEA9C /* Build configuration list for PBXNativeTarget "IncitoTests" */ = {
			isa = XCConfigurationList;
			buildConfigurations = (
				AE67582D219C2593006BEA9C /* Debug */,
				AE67582E219C2593006BEA9C /* Release */,
			);
			defaultConfigurationIsVisible = 0;
			defaultConfigurationName = Release;
		};
/* End XCConfigurationList section */
	};
	rootObject = AE675804219C2591006BEA9C /* Project object */;
}
